
Microsoft Visual Studio Solution File, Format Version 12.00
# Visual Studio 15
VisualStudioVersion = 15.0.28307.757
MinimumVisualStudioVersion = 10.0.40219.1
Project("{FAE04EC0-301F-11D3-BF4B-00C04F79EFBC}") = "Docus", "Docus\Docus.csproj", "{6302C021-A9A8-44B0-8A06-B739B3918941}"
EndProject
Project("{FAE04EC0-301F-11D3-BF4B-00C04F79EFBC}") = "Docus.Model", "Docus.Model\Docus.Model.csproj", "{74356EDA-F3D6-498B-83E9-6B27EF586FE7}"
EndProject
Project("{00D1A9C2-B5F0-4AF3-8072-F6C62B433612}") = "Docus.Database", "Docus.Database\Docus.Database.sqlproj", "{FE5BA8D9-33CA-4BDC-BE77-304A11248D69}"
EndProject
Project("{FAE04EC0-301F-11D3-BF4B-00C04F79EFBC}") = "Docus.Data", "Docus.Data\Docus.Data.csproj", "{C5418043-8FEA-469F-8446-8118973CA94D}"
EndProject
Global
	GlobalSection(SolutionConfigurationPlatforms) = preSolution
		Debug|Any CPU = Debug|Any CPU
		Release|Any CPU = Release|Any CPU
	EndGlobalSection
	GlobalSection(ProjectConfigurationPlatforms) = postSolution
		{6302C021-A9A8-44B0-8A06-B739B3918941}.Debug|Any CPU.ActiveCfg = Debug|Any CPU
		{6302C021-A9A8-44B0-8A06-B739B3918941}.Debug|Any CPU.Build.0 = Debug|Any CPU
		{6302C021-A9A8-44B0-8A06-B739B3918941}.Release|Any CPU.ActiveCfg = Release|Any CPU
		{6302C021-A9A8-44B0-8A06-B739B3918941}.Release|Any CPU.Build.0 = Release|Any CPU
		{74356EDA-F3D6-498B-83E9-6B27EF586FE7}.Debug|Any CPU.ActiveCfg = Debug|Any CPU
		{74356EDA-F3D6-498B-83E9-6B27EF586FE7}.Debug|Any CPU.Build.0 = Debug|Any CPU
		{74356EDA-F3D6-498B-83E9-6B27EF586FE7}.Release|Any CPU.ActiveCfg = Release|Any CPU
		{74356EDA-F3D6-498B-83E9-6B27EF586FE7}.Release|Any CPU.Build.0 = Release|Any CPU
		{FE5BA8D9-33CA-4BDC-BE77-304A11248D69}.Debug|Any CPU.ActiveCfg = Debug|Any CPU
		{FE5BA8D9-33CA-4BDC-BE77-304A11248D69}.Debug|Any CPU.Build.0 = Debug|Any CPU
		{FE5BA8D9-33CA-4BDC-BE77-304A11248D69}.Debug|Any CPU.Deploy.0 = Debug|Any CPU
		{FE5BA8D9-33CA-4BDC-BE77-304A11248D69}.Release|Any CPU.ActiveCfg = Release|Any CPU
		{FE5BA8D9-33CA-4BDC-BE77-304A11248D69}.Release|Any CPU.Build.0 = Release|Any CPU
		{FE5BA8D9-33CA-4BDC-BE77-304A11248D69}.Release|Any CPU.Deploy.0 = Release|Any CPU
		{C5418043-8FEA-469F-8446-8118973CA94D}.Debug|Any CPU.ActiveCfg = Debug|Any CPU
		{C5418043-8FEA-469F-8446-8118973CA94D}.Debug|Any CPU.Build.0 = Debug|Any CPU
		{C5418043-8FEA-469F-8446-8118973CA94D}.Release|Any CPU.ActiveCfg = Release|Any CPU
		{C5418043-8FEA-469F-8446-8118973CA94D}.Release|Any CPU.Build.0 = Release|Any CPU
	EndGlobalSection
	GlobalSection(SolutionProperties) = preSolution
		HideSolutionNode = FALSE
	EndGlobalSection
	GlobalSection(ExtensibilityGlobals) = postSolution
		SolutionGuid = {D46B96A5-8817-4767-BBE2-A3047E061AD0}
	EndGlobalSection
EndGlobal
